# This file was autogenerated by Stack.
# You should not edit this file by hand.
# For more information, please see the documentation at:
#   https://docs.haskellstack.org/en/stable/lock_files

packages:
- completed:
    hackage: opencv-0.0.2.1@sha256:76d385c2be81c84c0c81e1cbfc275ac145510ced0c87fc81d619ccf58233e603,8362
    pantry-tree:
      size: 7673
      sha256: 69027efeda403d1ac4d5a8395555ed8ff79fcd7114b28558b54ea04e521e987f
  original:
    hackage: opencv-0.0.2.1@sha256:76d385c2be81c84c0c81e1cbfc275ac145510ced0c87fc81d619ccf58233e603,8362
- completed:
    hackage: repa-3.4.1.4@sha256:df02acc0f65be7ff67cf71058841644425337c5ebd44c95b1ac1564a1e3c4858,3323
    pantry-tree:
      size: 2965
      sha256: 2addb474c6f496d26c4335ca4c6a333c746d7f90957d13182c13a1483c6db7e7
  original:
    hackage: repa-3.4.1.4@sha256:df02acc0f65be7ff67cf71058841644425337c5ebd44c95b1ac1564a1e3c4858,3323
snapshots:
- completed:
    size: 586286
    url: https://raw.githubusercontent.com/commercialhaskell/stackage-snapshots/master/lts/18/16.yaml
    sha256: cdead65fca0323144b346c94286186f4969bf85594d649c49c7557295675d8a5
  original:
    url: https://raw.githubusercontent.com/commercialhaskell/stackage-snapshots/master/lts/18/16.yaml
